{
  "name": "cf_mdparser",
  "version": "0.0.1",
  "lockfileVersion": 1,
  "requires": true,
  "dependencies": {
    "commonmark": {
      "version": "file:../../../../dev/commonmark.js",
      "requires": {
        "entities": "1.1.1",
        "mdurl": "1.0.1",
        "minimist": "1.2.0",
        "string.prototype.repeat": "0.2.0"
      },
      "dependencies": {
        "entities": {
          "version": "1.1.1",
          "bundled": true
        },
        "mdurl": {
          "version": "1.0.1",
          "bundled": true
        },
        "minimist": {
          "version": "1.2.0",
          "bundled": true
        },
        "string.prototype.repeat": {
          "version": "0.2.0",
          "bundled": true
        }
      }
    }
  }
}
